// !$*UTF8*$!
{
	archiveVersion = 1;
	classes = {
	};
	objectVersion = 46;
	objects = {

/* Begin PBXBuildFile section */
		3AEB02901CB3428B0011930A /* AppDelegate.swift in Sources */ = {isa = PBXBuildFile; fileRef = 3AEB028F1CB3428B0011930A /* AppDelegate.swift */; };
		3AEB02921CB3428B0011930A /* ViewController.swift in Sources */ = {isa = PBXBuildFile; fileRef = 3AEB02911CB3428B0011930A /* ViewController.swift */; };
		3AEB02951CB3428B0011930A /* Main.storyboard in Resources */ = {isa = PBXBuildFile; fileRef = 3AEB02931CB3428B0011930A /* Main.storyboard */; };
		3AEB02981CB3428B0011930A /* BibliotecaISBN.xcdatamodeld in Sources */ = {isa = PBXBuildFile; fileRef = 3AEB02961CB3428B0011930A /* BibliotecaISBN.xcdatamodeld */; };
		3AEB029A1CB3428B0011930A /* Assets.xcassets in Resources */ = {isa = PBXBuildFile; fileRef = 3AEB02991CB3428B0011930A /* Assets.xcassets */; };
		3AEB029D1CB3428B0011930A /* LaunchScreen.storyboard in Resources */ = {isa = PBXBuildFile; fileRef = 3AEB029B1CB3428B0011930A /* LaunchScreen.storyboard */; };
/* End PBXBuildFile section */

/* Begin PBXFileReference section */
		3AEB028C1CB3428B0011930A /* BibliotecaISBN.app */ = {isa = PBXFileReference; explicitFileType = wrapper.application; includeInIndex = 0; path = BibliotecaISBN.app; sourceTree = BUILT_PRODUCTS_DIR; };
		3AEB028F1CB3428B0011930A /* AppDelegate.swift */ = {isa = PBXFileReference; lastKnownFileType = sourcecode.swift; path = AppDelegate.swift; sourceTree = "<group>"; };
		3AEB02911CB3428B0011930A /* ViewController.swift */ = {isa = PBXFileReference; lastKnownFileType = sourcecode.swift; path = ViewController.swift; sourceTree = "<group>"; };
		3AEB02941CB3428B0011930A /* Base */ = {isa = PBXFileReference; lastKnownFileType = file.storyboard; name = Base; path = Base.lproj/Main.storyboard; sourceTree = "<group>"; };
		3AEB02971CB3428B0011930A /* BibliotecaISBN.xcdatamodel */ = {isa = PBXFileReference; lastKnownFileType = wrapper.xcdatamodel; path = BibliotecaISBN.xcdatamodel; sourceTree = "<group>"; };
		3AEB02991CB3428B0011930A /* Assets.xcassets */ = {isa = PBXFileReference; lastKnownFileType = folder.assetcatalog; path = Assets.xcassets; sourceTree = "<group>"; };
		3AEB029C1CB3428B0011930A /* Base */ = {isa = PBXFileReference; lastKnownFileType = file.storyboard; name = Base; path = Base.lproj/LaunchScreen.storyboard; sourceTree = "<group>"; };
		3AEB029E1CB3428B0011930A /* Info.plist */ = {isa = PBXFileReference; lastKnownFileType = text.plist.xml; path = Info.plist; sourceTree = "<group>"; };
/* End PBXFileReference section */

/* Begin PBXFrameworksBuildPhase section */
		3AEB02891CB3428B0011930A /* Frameworks */ = {
			isa = PBXFrameworksBuildPhase;
			buildActionMask = 2147483647;
			files = (
			);
			runOnlyForDeploymentPostprocessing = 0;
		};
/* End PBXFrameworksBuildPhase section */

/* Begin PBXGroup section */
		3AEB02831CB3428B0011930A = {
			isa = PBXGroup;
			children = (
				3AEB028E1CB3428B0011930A /* BibliotecaISBN */,
				3AEB028D1CB3428B0011930A /* Products */,
			);
			sourceTree = "<group>";
		};
		3AEB028D1CB3428B0011930A /* Products */ = {
			isa = PBXGroup;
			children = (
				3AEB028C1CB3428B0011930A /* BibliotecaISBN.app */,
			);
			name = Products;
			sourceTree = "<group>";
		};
		3AEB028E1CB3428B0011930A /* BibliotecaISBN */ = {
			isa = PBXGroup;
			children = (
				3AEB028F1CB3428B0011930A /* AppDelegate.swift */,
				3AEB02911CB3428B0011930A /* ViewController.swift */,
				3AEB02931CB3428B0011930A /* Main.storyboard */,
				3AEB02991CB3428B0011930A /* Assets.xcassets */,
				3AEB029B1CB3428B0011930A /* LaunchScreen.storyboard */,
				3AEB029E1CB3428B0011930A /* Info.plist */,
				3AEB02961CB3428B0011930A /* BibliotecaISBN.xcdatamodeld */,
			);
			path = BibliotecaISBN;
			sourceTree = "<group>";
		};
/* End PBXGroup section */

/* Begin PBXNativeTarget section */
		3AEB028B1CB3428B0011930A /* BibliotecaISBN */ = {
			isa = PBXNativeTarget;
			buildConfigurationList = 3AEB02A11CB3428B0011930A /* Build configuration list for PBXNativeTarget "BibliotecaISBN" */;
			buildPhases = (
				3AEB02881CB3428B0011930A /* Sources */,
				3AEB02891CB3428B0011930A /* Frameworks */,
				3AEB028A1CB3428B0011930A /* Resources */,
			);
			buildRules = (
			);
			dependencies = (
			);
			name = BibliotecaISBN;
			productName = BibliotecaISBN;
			productReference = 3AEB028C1CB3428B0011930A /* BibliotecaISBN.app */;
			productType = "com.apple.product-type.application";
		};
/* End PBXNativeTarget section */

/* Begin PBXProject section */
		3AEB02841CB3428B0011930A /* Project object */ = {
			isa = PBXProject;
			attributes = {
				LastSwiftUpdateCheck = 0730;
				LastUpgradeCheck = 0730;
				ORGANIZATIONNAME = eworld;
				TargetAttributes = {
					3AEB028B1CB3428B0011930A = {
						CreatedOnToolsVersion = 7.3;
						DevelopmentTeam = XL3QHK5LCF;
					};
				};
			};
			buildConfigurationList = 3AEB02871CB3428B0011930A /* Build configuration list for PBXProject "BibliotecaISBN" */;
			compatibilityVersion = "Xcode 3.2";
			developmentRegion = English;
			hasScannedForEncodings = 0;
			knownRegions = (
				en,
				Base,
			);
			mainGroup = 3AEB02831CB3428B0011930A;
			productRefGroup = 3AEB028D1CB3428B0011930A /* Products */;
			projectDirPath = "";
			projectRoot = "";
			targets = (
				3AEB028B1CB3428B0011930A /* BibliotecaISBN */,
			);
		};
/* End PBXProject section */

/* Begin PBXResourcesBuildPhase section */
		3AEB028A1CB3428B0011930A /* Resources */ = {
			isa = PBXResourcesBuildPhase;
			buildActionMask = 2147483647;
			files = (
				3AEB029D1CB3428B0011930A /* LaunchScreen.storyboard in Resources */,
				3AEB029A1CB3428B0011930A /* Assets.xcassets in Resources */,
				3AEB02951CB3428B0011930A /* Main.storyboard in Resources */,
			);
			runOnlyForDeploymentPostprocessing = 0;
		};
/* End PBXResourcesBuildPhase section */

/* Begin PBXSourcesBuildPhase section */
		3AEB02881CB3428B0011930A /* Sources */ = {
			isa = PBXSourcesBuildPhase;
			buildActionMask = 2147483647;
			files = (
				3AEB02921CB3428B0011930A /* ViewController.swift in Sources */,
				3AEB02901CB3428B0011930A /* AppDelegate.swift in Sources */,
				3AEB02981CB3428B0011930A /* BibliotecaISBN.xcdatamodeld in Sources */,
			);
			runOnlyForDeploymentPostprocessing = 0;
		};
/* End PBXSourcesBuildPhase section */

/* Begin PBXVariantGroup section */
		3AEB02931CB3428B0011930A /* Main.storyboard */ = {
			isa = PBXVariantGroup;
			children = (
				3AEB02941CB3428B0011930A /* Base */,
			);
			name = Main.storyboard;
			sourceTree = "<group>";
		};
		3AEB029B1CB3428B0011930A /* LaunchScreen.storyboard */ = {
			isa = PBXVariantGroup;
			children = (
				3AEB029C1CB3428B0011930A /* Base */,
			);
			name = LaunchScreen.storyboard;
			sourceTree = "<group>";
		};
/* End PBXVariantGroup section */

/* Begin XCBuildConfiguration section */
		3AEB029F1CB3428B0011930A /* Debug */ = {
			isa = XCBuildConfiguration;
			buildSettings = {
				ALWAYS_SEARCH_USER_PATHS = NO;
				CLANG_ANALYZER_NONNULL = YES;
				CLANG_CXX_LANGUAGE_STANDARD = "gnu++0x";
				CLANG_CXX_LIBRARY = "libc++";
				CLANG_ENABLE_MODULES = YES;
				CLANG_ENABLE_OBJC_ARC = YES;
				CLANG_WARN_BOOL_CONVERSION = YES;
				CLANG_WARN_CONSTANT_CONVERSION = YES;
				CLANG_WARN_DIRECT_OBJC_ISA_USAGE = YES_ERROR;
				CLANG_WARN_EMPTY_BODY = YES;
				CLANG_WARN_ENUM_CONVERSION = YES;
				CLANG_WARN_INT_CONVERSION = YES;
				CLANG_WARN_OBJC_ROOT_CLASS = YES_ERROR;
				CLANG_WARN_UNREACHABLE_CODE = YES;
				CLANG_WARN__DUPLICATE_METHOD_MATCH = YES;
				"CODE_SIGN_IDENTITY[sdk=iphoneos*]" = "iPhone Developer";
				COPY_PHASE_STRIP = NO;
				DEBUG_INFORMATION_FORMAT = dwarf;
				ENABLE_STRICT_OBJC_MSGSEND = YES;
				ENABLE_TESTABILITY = YES;
				GCC_C_LANGUAGE_STANDARD = gnu99;
				GCC_DYNAMIC_NO_PIC = NO;
				GCC_NO_COMMON_BLOCKS = YES;
				GCC_OPTIMIZATION_LEVEL = 0;
				GCC_PREPROCESSOR_DEFINITIONS = (
					"DEBUG=1",
					"$(inherited)",
				);
				GCC_WARN_64_TO_32_BIT_CONVERSION = YES;
				GCC_WARN_ABOUT_RETURN_TYPE = YES_ERROR;
				GCC_WARN_UNDECLARED_SELECTOR = YES;
				GCC_WARN_UNINITIALIZED_AUTOS = YES_AGGRESSIVE;
				GCC_WARN_UNUSED_FUNCTION = YES;
				GCC_WARN_UNUSED_VARIABLE = YES;
				IPHONEOS_DEPLOYMENT_TARGET = 9.3;
				MTL_ENABLE_DEBUG_INFO = YES;
				ONLY_ACTIVE_ARCH = YES;
				SDKROOT = iphoneos;
				SWIFT_OPTIMIZATION_LEVEL = "-Onone";
				TARGETED_DEVICE_FAMILY = "1,2";
			};
			name = Debug;
		};
		3AEB02A01CB3428B0011930A /* Release */ = {
			isa = XCBuildConfiguration;
			buildSettings = {
				ALWAYS_SEARCH_USER_PATHS = NO;
				CLANG_ANALYZER_NONNULL = YES;
				CLANG_CXX_LANGUAGE_STANDARD = "gnu++0x";
				CLANG_CXX_LIBRARY = "libc++";
				CLANG_ENABLE_MODULES = YES;
				CLANG_ENABLE_OBJC_ARC = YES;
				CLANG_WARN_BOOL_CONVERSION = YES;
				CLANG_WARN_CONSTANT_CONVERSION = YES;
				CLANG_WARN_DIRECT_OBJC_ISA_USAGE = YES_ERROR;
				CLANG_WARN_EMPTY_BODY = YES;
				CLANG_WARN_ENUM_CONVERSION = YES;
				CLANG_WARN_INT_CONVERSION = YES;
				CLANG_WARN_OBJC_ROOT_CLASS = YES_ERROR;
				CLANG_WARN_UNREACHABLE_CODE = YES;
				CLANG_WARN__DUPLICATE_METHOD_MATCH = YES;
				"CODE_SIGN_IDENTITY[sdk=iphoneos*]" = "iPhone Developer";
				COPY_PHASE_STRIP = NO;
				DEBUG_INFORMATION_FORMAT = "dwarf-with-dsym";
				ENABLE_NS_ASSERTIONS = NO;
				ENABLE_STRICT_OBJC_MSGSEND = YES;
				GCC_C_LANGUAGE_STANDARD = gnu99;
				GCC_NO_COMMON_BLOCKS = YES;
				GCC_WARN_64_TO_32_BIT_CONVERSION = YES;
				GCC_WARN_ABOUT_RETURN_TYPE = YES_ERROR;
				GCC_WARN_UNDECLARED_SELECTOR = YES;
				GCC_WARN_UNINITIALIZED_AUTOS = YES_AGGRESSIVE;
				GCC_WARN_UNUSED_FUNCTION = YES;
				GCC_WARN_UNUSED_VARIABLE = YES;
				IPHONEOS_DEPLOYMENT_TARGET = 9.3;
				MTL_ENABLE_DEBUG_INFO = NO;
				SDKROOT = iphoneos;
				TARGETED_DEVICE_FAMILY = "1,2";
				VALIDATE_PRODUCT = YES;
			};
			name = Release;
		};
		3AEB02A21CB3428B0011930A /* Debug */ = {
			isa = XCBuildConfiguration;
			buildSettings = {
				ASSETCATALOG_COMPILER_APPICON_NAME = AppIcon;
				INFOPLIST_FILE = BibliotecaISBN/Info.plist;
				LD_RUNPATH_SEARCH_PATHS = "$(inherited) @executable_path/Frameworks";
				PRODUCT_BUNDLE_IDENTIFIER = "co.e-world.BibliotecaISBN";
				PRODUCT_NAME = "$(TARGET_NAME)";
			};
			name = Debug;
		};
		3AEB02A31CB3428B0011930A /* Release */ = {
			isa = XCBuildConfiguration;
			buildSettings = {
				ASSETCATALOG_COMPILER_APPICON_NAME = AppIcon;
				INFOPLIST_FILE = BibliotecaISBN/Info.plist;
				LD_RUNPATH_SEARCH_PATHS = "$(inherited) @executable_path/Frameworks";
				PRODUCT_BUNDLE_IDENTIFIER = "co.e-world.BibliotecaISBN";
				PRODUCT_NAME = "$(TARGET_NAME)";
			};
			name = Release;
		};
/* End XCBuildConfiguration section */

/* Begin XCConfigurationList section */
		3AEB02871CB3428B0011930A /* Build configuration list for PBXProject "BibliotecaISBN" */ = {
			isa = XCConfigurationList;
			buildConfigurations = (
				3AEB029F1CB3428B0011930A /* Debug */,
				3AEB02A01CB3428B0011930A /* Release */,
			);
			defaultConfigurationIsVisible = 0;
			defaultConfigurationName = Release;
		};
		3AEB02A11CB3428B0011930A /* Build configuration list for PBXNativeTarget "BibliotecaISBN" */ = {
			isa = XCConfigurationList;
			buildConfigurations = (
				3AEB02A21CB3428B0011930A /* Debug */,
				3AEB02A31CB3428B0011930A /* Release */,
			);
			defaultConfigurationIsVisible = 0;
		};
/* End XCConfigurationList section */

/* Begin XCVersionGroup section */
		3AEB02961CB3428B0011930A /* BibliotecaISBN.xcdatamodeld */ = {
			isa = XCVersionGroup;
			children = (
				3AEB02971CB3428B0011930A /* BibliotecaISBN.xcdatamodel */,
			);
			currentVersion = 3AEB02971CB3428B0011930A /* BibliotecaISBN.xcdatamodel */;
			path = BibliotecaISBN.xcdatamodeld;
			sourceTree = "<group>";
			versionGroupType = wrapper.xcdatamodel;
		};
/* End XCVersionGroup section */
	};
	rootObject = 3AEB02841CB3428B0011930A /* Project object */;
}
